// !$*UTF8*$!
{
	archiveVersion = 1;
	classes = {
	};
	objectVersion = 50;
	objects = {

/* Begin PBXBuildFile section */
		6E00915B23725E6200FF234E /* AppDelegate.swift in Sources */ = {isa = PBXBuildFile; fileRef = 6E00915A23725E6200FF234E /* AppDelegate.swift */; };
		6E00916223725E6200FF234E /* Main.storyboard in Resources */ = {isa = PBXBuildFile; fileRef = 6E00916023725E6200FF234E /* Main.storyboard */; };
		6E00916423725E6500FF234E /* Assets.xcassets in Resources */ = {isa = PBXBuildFile; fileRef = 6E00916323725E6500FF234E /* Assets.xcassets */; };
		6E00916723725E6500FF234E /* LaunchScreen.storyboard in Resources */ = {isa = PBXBuildFile; fileRef = 6E00916523725E6500FF234E /* LaunchScreen.storyboard */; };
		6E43240623771811008534B1 /* URLRequest.swift in Sources */ = {isa = PBXBuildFile; fileRef = 6E43240523771811008534B1 /* URLRequest.swift */; };
		6E43240A237722C2008534B1 /* Moderator.swift in Sources */ = {isa = PBXBuildFile; fileRef = 6E432409237722C2008534B1 /* Moderator.swift */; };
		6E43240D237726EE008534B1 /* String+Extensions.swift in Sources */ = {isa = PBXBuildFile; fileRef = 6E43240C237726EE008534B1 /* String+Extensions.swift */; };
		6E43240F237728CD008534B1 /* Double+Extensions.swift in Sources */ = {isa = PBXBuildFile; fileRef = 6E43240E237728CD008534B1 /* Double+Extensions.swift */; };
		6E43241123772903008534B1 /* ModeratorData.swift in Sources */ = {isa = PBXBuildFile; fileRef = 6E43241023772903008534B1 /* ModeratorData.swift */; };
		6E43241323774303008534B1 /* UITextField+Extensions.swift in Sources */ = {isa = PBXBuildFile; fileRef = 6E43241223774303008534B1 /* UITextField+Extensions.swift */; };
		6E43241723774353008534B1 /* ColorPalette.swift in Sources */ = {isa = PBXBuildFile; fileRef = 6E43241623774353008534B1 /* ColorPalette.swift */; };
		6E43241A2377437B008534B1 /* ButtonEnablingBehavior.swift in Sources */ = {isa = PBXBuildFile; fileRef = 6E4324192377437B008534B1 /* ButtonEnablingBehavior.swift */; };
		6E43241C23775D7F008534B1 /* ModeratorRouter.swift in Sources */ = {isa = PBXBuildFile; fileRef = 6E43241B23775D7F008534B1 /* ModeratorRouter.swift */; };
		6E43241E23775E0E008534B1 /* HTTPURLResponse.swift in Sources */ = {isa = PBXBuildFile; fileRef = 6E43241D23775E0E008534B1 /* HTTPURLResponse.swift */; };
		6E43242023775F1D008534B1 /* DataResponseError.swift in Sources */ = {isa = PBXBuildFile; fileRef = 6E43241F23775F1D008534B1 /* DataResponseError.swift */; };
		6E43242223775F63008534B1 /* Service.swift in Sources */ = {isa = PBXBuildFile; fileRef = 6E43242123775F63008534B1 /* Service.swift */; };
		6E432425237778EF008534B1 /* ModeratorsListViewController.swift in Sources */ = {isa = PBXBuildFile; fileRef = 6E432424237778EF008534B1 /* ModeratorsListViewController.swift */; };
		6E432427237778F8008534B1 /* ModeratorsSearchViewController.swift in Sources */ = {isa = PBXBuildFile; fileRef = 6E432426237778F8008534B1 /* ModeratorsSearchViewController.swift */; };
		6E43242923777B8B008534B1 /* AlertDisplayer.swift in Sources */ = {isa = PBXBuildFile; fileRef = 6E43242823777B8B008534B1 /* AlertDisplayer.swift */; };
		6E6F1C0F237891C500F1C55B /* ModeratorTableViewCell.swift in Sources */ = {isa = PBXBuildFile; fileRef = 6E6F1C0E237891C500F1C55B /* ModeratorTableViewCell.swift */; };
		6E6F1C112378B9FD00F1C55B /* ModeratorsViewModel.swift in Sources */ = {isa = PBXBuildFile; fileRef = 6E6F1C102378B9FD00F1C55B /* ModeratorsViewModel.swift */; };
/* End PBXBuildFile section */

/* Begin PBXFileReference section */
		6E00915723725E6200FF234E /* ModeratorsExplorer.app */ = {isa = PBXFileReference; explicitFileType = wrapper.application; includeInIndex = 0; path = ModeratorsExplorer.app; sourceTree = BUILT_PRODUCTS_DIR; };
		6E00915A23725E6200FF234E /* AppDelegate.swift */ = {isa = PBXFileReference; lastKnownFileType = sourcecode.swift; path = AppDelegate.swift; sourceTree = "<group>"; };
		6E00916123725E6200FF234E /* Base */ = {isa = PBXFileReference; lastKnownFileType = file.storyboard; name = Base; path = Base.lproj/Main.storyboard; sourceTree = "<group>"; };
		6E00916323725E6500FF234E /* Assets.xcassets */ = {isa = PBXFileReference; lastKnownFileType = folder.assetcatalog; path = Assets.xcassets; sourceTree = "<group>"; };
		6E00916623725E6500FF234E /* Base */ = {isa = PBXFileReference; lastKnownFileType = file.storyboard; name = Base; path = Base.lproj/LaunchScreen.storyboard; sourceTree = "<group>"; };
		6E00916823725E6500FF234E /* Info.plist */ = {isa = PBXFileReference; lastKnownFileType = text.plist.xml; path = Info.plist; sourceTree = "<group>"; };
		6E43240523771811008534B1 /* URLRequest.swift */ = {isa = PBXFileReference; lastKnownFileType = sourcecode.swift; path = URLRequest.swift; sourceTree = "<group>"; };
		6E432409237722C2008534B1 /* Moderator.swift */ = {isa = PBXFileReference; lastKnownFileType = sourcecode.swift; path = Moderator.swift; sourceTree = "<group>"; };
		6E43240C237726EE008534B1 /* String+Extensions.swift */ = {isa = PBXFileReference; lastKnownFileType = sourcecode.swift; path = "String+Extensions.swift"; sourceTree = "<group>"; };
		6E43240E237728CD008534B1 /* Double+Extensions.swift */ = {isa = PBXFileReference; lastKnownFileType = sourcecode.swift; path = "Double+Extensions.swift"; sourceTree = "<group>"; };
		6E43241023772903008534B1 /* ModeratorData.swift */ = {isa = PBXFileReference; lastKnownFileType = sourcecode.swift; path = ModeratorData.swift; sourceTree = "<group>"; };
		6E43241223774303008534B1 /* UITextField+Extensions.swift */ = {isa = PBXFileReference; lastKnownFileType = sourcecode.swift; path = "UITextField+Extensions.swift"; sourceTree = "<group>"; };
		6E43241623774353008534B1 /* ColorPalette.swift */ = {isa = PBXFileReference; lastKnownFileType = sourcecode.swift; path = ColorPalette.swift; sourceTree = "<group>"; };
		6E4324192377437B008534B1 /* ButtonEnablingBehavior.swift */ = {isa = PBXFileReference; lastKnownFileType = sourcecode.swift; path = ButtonEnablingBehavior.swift; sourceTree = "<group>"; };
		6E43241B23775D7F008534B1 /* ModeratorRouter.swift */ = {isa = PBXFileReference; lastKnownFileType = sourcecode.swift; path = ModeratorRouter.swift; sourceTree = "<group>"; };
		6E43241D23775E0E008534B1 /* HTTPURLResponse.swift */ = {isa = PBXFileReference; lastKnownFileType = sourcecode.swift; path = HTTPURLResponse.swift; sourceTree = "<group>"; };
		6E43241F23775F1D008534B1 /* DataResponseError.swift */ = {isa = PBXFileReference; lastKnownFileType = sourcecode.swift; path = DataResponseError.swift; sourceTree = "<group>"; };
		6E43242123775F63008534B1 /* Service.swift */ = {isa = PBXFileReference; lastKnownFileType = sourcecode.swift; path = Service.swift; sourceTree = "<group>"; };
		6E432424237778EF008534B1 /* ModeratorsListViewController.swift */ = {isa = PBXFileReference; lastKnownFileType = sourcecode.swift; path = ModeratorsListViewController.swift; sourceTree = "<group>"; };
		6E432426237778F8008534B1 /* ModeratorsSearchViewController.swift */ = {isa = PBXFileReference; lastKnownFileType = sourcecode.swift; path = ModeratorsSearchViewController.swift; sourceTree = "<group>"; };
		6E43242823777B8B008534B1 /* AlertDisplayer.swift */ = {isa = PBXFileReference; lastKnownFileType = sourcecode.swift; path = AlertDisplayer.swift; sourceTree = "<group>"; };
		6E6F1C0E237891C500F1C55B /* ModeratorTableViewCell.swift */ = {isa = PBXFileReference; lastKnownFileType = sourcecode.swift; path = ModeratorTableViewCell.swift; sourceTree = "<group>"; };
		6E6F1C102378B9FD00F1C55B /* ModeratorsViewModel.swift */ = {isa = PBXFileReference; lastKnownFileType = sourcecode.swift; path = ModeratorsViewModel.swift; sourceTree = "<group>"; };
/* End PBXFileReference section */

/* Begin PBXFrameworksBuildPhase section */
		6E00915423725E6200FF234E /* Frameworks */ = {
			isa = PBXFrameworksBuildPhase;
			buildActionMask = 2147483647;
			files = (
			);
			runOnlyForDeploymentPostprocessing = 0;
		};
/* End PBXFrameworksBuildPhase section */

/* Begin PBXGroup section */
		6E00914E23725E6200FF234E = {
			isa = PBXGroup;
			children = (
				6E00915923725E6200FF234E /* ModeratorsExplorer */,
				6E00915823725E6200FF234E /* Products */,
			);
			sourceTree = "<group>";
		};
		6E00915823725E6200FF234E /* Products */ = {
			isa = PBXGroup;
			children = (
				6E00915723725E6200FF234E /* ModeratorsExplorer.app */,
			);
			name = Products;
			sourceTree = "<group>";
		};
		6E00915923725E6200FF234E /* ModeratorsExplorer */ = {
			isa = PBXGroup;
			children = (
				6E00915A23725E6200FF234E /* AppDelegate.swift */,
				6E43241423774329008534B1 /* Helper */,
				6E432423237778E1008534B1 /* Flow */,
				6E00916F2372667300FF234E /* Storyboard */,
				6E00916E2372666500FF234E /* Resources */,
				6E4324072377229B008534B1 /* Models */,
				6E85D4F52373C040006BCBDD /* Networking */,
			);
			path = ModeratorsExplorer;
			sourceTree = "<group>";
		};
		6E00916E2372666500FF234E /* Resources */ = {
			isa = PBXGroup;
			children = (
				6E00916323725E6500FF234E /* Assets.xcassets */,
				6E00916823725E6500FF234E /* Info.plist */,
			);
			path = Resources;
			sourceTree = "<group>";
		};
		6E00916F2372667300FF234E /* Storyboard */ = {
			isa = PBXGroup;
			children = (
				6E00916023725E6200FF234E /* Main.storyboard */,
				6E00916523725E6500FF234E /* LaunchScreen.storyboard */,
			);
			path = Storyboard;
			sourceTree = "<group>";
		};
		6E4324072377229B008534B1 /* Models */ = {
			isa = PBXGroup;
			children = (
				6E432408237722B3008534B1 /* Remote */,
			);
			path = Models;
			sourceTree = "<group>";
		};
		6E432408237722B3008534B1 /* Remote */ = {
			isa = PBXGroup;
			children = (
				6E432409237722C2008534B1 /* Moderator.swift */,
				6E43241023772903008534B1 /* ModeratorData.swift */,
			);
			path = Remote;
			sourceTree = "<group>";
		};
		6E43240B237726DB008534B1 /* Extensions */ = {
			isa = PBXGroup;
			children = (
				6E43240C237726EE008534B1 /* String+Extensions.swift */,
				6E43240E237728CD008534B1 /* Double+Extensions.swift */,
				6E43241223774303008534B1 /* UITextField+Extensions.swift */,
				6E43242823777B8B008534B1 /* AlertDisplayer.swift */,
			);
			path = Extensions;
			sourceTree = "<group>";
		};
		6E43241423774329008534B1 /* Helper */ = {
			isa = PBXGroup;
			children = (
				6E43241823774369008534B1 /* Behaviors */,
				6E43241523774338008534B1 /* Constants */,
				6E43240B237726DB008534B1 /* Extensions */,
			);
			path = Helper;
			sourceTree = "<group>";
		};
		6E43241523774338008534B1 /* Constants */ = {
			isa = PBXGroup;
			children = (
				6E43241623774353008534B1 /* ColorPalette.swift */,
			);
			path = Constants;
			sourceTree = "<group>";
		};
		6E43241823774369008534B1 /* Behaviors */ = {
			isa = PBXGroup;
			children = (
				6E4324192377437B008534B1 /* ButtonEnablingBehavior.swift */,
			);
			path = Behaviors;
			sourceTree = "<group>";
		};
		6E432423237778E1008534B1 /* Flow */ = {
			isa = PBXGroup;
			children = (
				6E6F1C0C237890AE00F1C55B /* Search */,
				6E6F1C0B237890A100F1C55B /* List */,
			);
			path = Flow;
			sourceTree = "<group>";
		};
		6E6F1C0B237890A100F1C55B /* List */ = {
			isa = PBXGroup;
			children = (
				6E6F1C0D237891B800F1C55B /* Cell */,
				6E432424237778EF008534B1 /* ModeratorsListViewController.swift */,
				6E6F1C102378B9FD00F1C55B /* ModeratorsViewModel.swift */,
			);
			path = List;
			sourceTree = "<group>";
		};
		6E6F1C0C237890AE00F1C55B /* Search */ = {
			isa = PBXGroup;
			children = (
				6E432426237778F8008534B1 /* ModeratorsSearchViewController.swift */,
			);
			path = Search;
			sourceTree = "<group>";
		};
		6E6F1C0D237891B800F1C55B /* Cell */ = {
			isa = PBXGroup;
			children = (
				6E6F1C0E237891C500F1C55B /* ModeratorTableViewCell.swift */,
			);
			path = Cell;
			sourceTree = "<group>";
		};
		6E85D4F52373C040006BCBDD /* Networking */ = {
			isa = PBXGroup;
			children = (
				6E43240523771811008534B1 /* URLRequest.swift */,
				6E43241B23775D7F008534B1 /* ModeratorRouter.swift */,
				6E43241D23775E0E008534B1 /* HTTPURLResponse.swift */,
				6E43241F23775F1D008534B1 /* DataResponseError.swift */,
				6E43242123775F63008534B1 /* Service.swift */,
			);
			path = Networking;
			sourceTree = "<group>";
		};
/* End PBXGroup section */

/* Begin PBXNativeTarget section */
		6E00915623725E6200FF234E /* ModeratorsExplorer */ = {
			isa = PBXNativeTarget;
			buildConfigurationList = 6E00916B23725E6500FF234E /* Build configuration list for PBXNativeTarget "ModeratorsExplorer" */;
			buildPhases = (
				6E00915323725E6200FF234E /* Sources */,
				6E60E34D238F8165000DB8DE /* Lint */,
				6E00915423725E6200FF234E /* Frameworks */,
				6E00915523725E6200FF234E /* Resources */,
			);
			buildRules = (
			);
			dependencies = (
			);
			name = ModeratorsExplorer;
			productName = ModeratorsExplorer;
			productReference = 6E00915723725E6200FF234E /* ModeratorsExplorer.app */;
			productType = "com.apple.product-type.application";
		};
/* End PBXNativeTarget section */

/* Begin PBXProject section */
		6E00914F23725E6200FF234E /* Project object */ = {
			isa = PBXProject;
			attributes = {
				LastSwiftUpdateCheck = 1120;
				LastUpgradeCheck = 1120;
				ORGANIZATIONNAME = "Lucas Nascimento";
				TargetAttributes = {
					6E00915623725E6200FF234E = {
						CreatedOnToolsVersion = 11.2;
					};
				};
			};
			buildConfigurationList = 6E00915223725E6200FF234E /* Build configuration list for PBXProject "ModeratorsExplorer" */;
			compatibilityVersion = "Xcode 9.3";
			developmentRegion = en;
			hasScannedForEncodings = 0;
			knownRegions = (
				en,
				Base,
			);
			mainGroup = 6E00914E23725E6200FF234E;
			productRefGroup = 6E00915823725E6200FF234E /* Products */;
			projectDirPath = "";
			projectRoot = "";
			targets = (
				6E00915623725E6200FF234E /* ModeratorsExplorer */,
			);
		};
/* End PBXProject section */

/* Begin PBXResourcesBuildPhase section */
		6E00915523725E6200FF234E /* Resources */ = {
			isa = PBXResourcesBuildPhase;
			buildActionMask = 2147483647;
			files = (
				6E00916723725E6500FF234E /* LaunchScreen.storyboard in Resources */,
				6E00916423725E6500FF234E /* Assets.xcassets in Resources */,
				6E00916223725E6200FF234E /* Main.storyboard in Resources */,
			);
			runOnlyForDeploymentPostprocessing = 0;
		};
/* End PBXResourcesBuildPhase section */

/* Begin PBXShellScriptBuildPhase section */
		6E60E34D238F8165000DB8DE /* Lint */ = {
			isa = PBXShellScriptBuildPhase;
			buildActionMask = 2147483647;
			files = (
			);
			inputFileListPaths = (
			);
			inputPaths = (
			);
			name = Lint;
			outputFileListPaths = (
			);
			outputPaths = (
			);
			runOnlyForDeploymentPostprocessing = 0;
			shellPath = /bin/sh;
			shellScript = "if which swiftlint >/dev/null; then\nswiftlint\nelse\necho \"warning: SwiftLint not installed, download from https://github.com/realm/SwiftLint\"\nfi\n";
		};
/* End PBXShellScriptBuildPhase section */

/* Begin PBXSourcesBuildPhase section */
		6E00915323725E6200FF234E /* Sources */ = {
			isa = PBXSourcesBuildPhase;
			buildActionMask = 2147483647;
			files = (
				6E43241323774303008534B1 /* UITextField+Extensions.swift in Sources */,
				6E43242223775F63008534B1 /* Service.swift in Sources */,
				6E43241A2377437B008534B1 /* ButtonEnablingBehavior.swift in Sources */,
				6E43240D237726EE008534B1 /* String+Extensions.swift in Sources */,
				6E43242923777B8B008534B1 /* AlertDisplayer.swift in Sources */,
				6E432427237778F8008534B1 /* ModeratorsSearchViewController.swift in Sources */,
				6E43241C23775D7F008534B1 /* ModeratorRouter.swift in Sources */,
				6E43241E23775E0E008534B1 /* HTTPURLResponse.swift in Sources */,
				6E432425237778EF008534B1 /* ModeratorsListViewController.swift in Sources */,
				6E6F1C0F237891C500F1C55B /* ModeratorTableViewCell.swift in Sources */,
				6E43241123772903008534B1 /* ModeratorData.swift in Sources */,
				6E43241723774353008534B1 /* ColorPalette.swift in Sources */,
				6E00915B23725E6200FF234E /* AppDelegate.swift in Sources */,
				6E43240623771811008534B1 /* URLRequest.swift in Sources */,
				6E6F1C112378B9FD00F1C55B /* ModeratorsViewModel.swift in Sources */,
				6E43242023775F1D008534B1 /* DataResponseError.swift in Sources */,
				6E43240A237722C2008534B1 /* Moderator.swift in Sources */,
				6E43240F237728CD008534B1 /* Double+Extensions.swift in Sources */,
			);
			runOnlyForDeploymentPostprocessing = 0;
		};
/* End PBXSourcesBuildPhase section */

/* Begin PBXVariantGroup section */
		6E00916023725E6200FF234E /* Main.storyboard */ = {
			isa = PBXVariantGroup;
			children = (
				6E00916123725E6200FF234E /* Base */,
			);
			name = Main.storyboard;
			sourceTree = "<group>";
		};
		6E00916523725E6500FF234E /* LaunchScreen.storyboard */ = {
			isa = PBXVariantGroup;
			children = (
				6E00916623725E6500FF234E /* Base */,
			);
			name = LaunchScreen.storyboard;
			sourceTree = "<group>";
		};
/* End PBXVariantGroup section */

/* Begin XCBuildConfiguration section */
		6E00916923725E6500FF234E /* Debug */ = {
			isa = XCBuildConfiguration;
			buildSettings = {
				ALWAYS_SEARCH_USER_PATHS = NO;
				CLANG_ANALYZER_NONNULL = YES;
				CLANG_ANALYZER_NUMBER_OBJECT_CONVERSION = YES_AGGRESSIVE;
				CLANG_CXX_LANGUAGE_STANDARD = "gnu++14";
				CLANG_CXX_LIBRARY = "libc++";
				CLANG_ENABLE_MODULES = YES;
				CLANG_ENABLE_OBJC_ARC = YES;
				CLANG_ENABLE_OBJC_WEAK = YES;
				CLANG_WARN_BLOCK_CAPTURE_AUTORELEASING = YES;
				CLANG_WARN_BOOL_CONVERSION = YES;
				CLANG_WARN_COMMA = YES;
				CLANG_WARN_CONSTANT_CONVERSION = YES;
				CLANG_WARN_DEPRECATED_OBJC_IMPLEMENTATIONS = YES;
				CLANG_WARN_DIRECT_OBJC_ISA_USAGE = YES_ERROR;
				CLANG_WARN_DOCUMENTATION_COMMENTS = YES;
				CLANG_WARN_EMPTY_BODY = YES;
				CLANG_WARN_ENUM_CONVERSION = YES;
				CLANG_WARN_INFINITE_RECURSION = YES;
				CLANG_WARN_INT_CONVERSION = YES;
				CLANG_WARN_NON_LITERAL_NULL_CONVERSION = YES;
				CLANG_WARN_OBJC_IMPLICIT_RETAIN_SELF = YES;
				CLANG_WARN_OBJC_LITERAL_CONVERSION = YES;
				CLANG_WARN_OBJC_ROOT_CLASS = YES_ERROR;
				CLANG_WARN_RANGE_LOOP_ANALYSIS = YES;
				CLANG_WARN_STRICT_PROTOTYPES = YES;
				CLANG_WARN_SUSPICIOUS_MOVE = YES;
				CLANG_WARN_UNGUARDED_AVAILABILITY = YES_AGGRESSIVE;
				CLANG_WARN_UNREACHABLE_CODE = YES;
				CLANG_WARN__DUPLICATE_METHOD_MATCH = YES;
				COPY_PHASE_STRIP = NO;
				DEBUG_INFORMATION_FORMAT = dwarf;
				ENABLE_STRICT_OBJC_MSGSEND = YES;
				ENABLE_TESTABILITY = YES;
				GCC_C_LANGUAGE_STANDARD = gnu11;
				GCC_DYNAMIC_NO_PIC = NO;
				GCC_NO_COMMON_BLOCKS = YES;
				GCC_OPTIMIZATION_LEVEL = 0;
				GCC_PREPROCESSOR_DEFINITIONS = (
					"DEBUG=1",
					"$(inherited)",
				);
				GCC_WARN_64_TO_32_BIT_CONVERSION = YES;
				GCC_WARN_ABOUT_RETURN_TYPE = YES_ERROR;
				GCC_WARN_UNDECLARED_SELECTOR = YES;
				GCC_WARN_UNINITIALIZED_AUTOS = YES_AGGRESSIVE;
				GCC_WARN_UNUSED_FUNCTION = YES;
				GCC_WARN_UNUSED_VARIABLE = YES;
				IPHONEOS_DEPLOYMENT_TARGET = 13.0;
				MTL_ENABLE_DEBUG_INFO = INCLUDE_SOURCE;
				MTL_FAST_MATH = YES;
				ONLY_ACTIVE_ARCH = YES;
				SDKROOT = iphoneos;
				SWIFT_ACTIVE_COMPILATION_CONDITIONS = DEBUG;
				SWIFT_OPTIMIZATION_LEVEL = "-Onone";
			};
			name = Debug;
		};
		6E00916A23725E6500FF234E /* Release */ = {
			isa = XCBuildConfiguration;
			buildSettings = {
				ALWAYS_SEARCH_USER_PATHS = NO;
				CLANG_ANALYZER_NONNULL = YES;
				CLANG_ANALYZER_NUMBER_OBJECT_CONVERSION = YES_AGGRESSIVE;
				CLANG_CXX_LANGUAGE_STANDARD = "gnu++14";
				CLANG_CXX_LIBRARY = "libc++";
				CLANG_ENABLE_MODULES = YES;
				CLANG_ENABLE_OBJC_ARC = YES;
				CLANG_ENABLE_OBJC_WEAK = YES;
				CLANG_WARN_BLOCK_CAPTURE_AUTORELEASING = YES;
				CLANG_WARN_BOOL_CONVERSION = YES;
				CLANG_WARN_COMMA = YES;
				CLANG_WARN_CONSTANT_CONVERSION = YES;
				CLANG_WARN_DEPRECATED_OBJC_IMPLEMENTATIONS = YES;
				CLANG_WARN_DIRECT_OBJC_ISA_USAGE = YES_ERROR;
				CLANG_WARN_DOCUMENTATION_COMMENTS = YES;
				CLANG_WARN_EMPTY_BODY = YES;
				CLANG_WARN_ENUM_CONVERSION = YES;
				CLANG_WARN_INFINITE_RECURSION = YES;
				CLANG_WARN_INT_CONVERSION = YES;
				CLANG_WARN_NON_LITERAL_NULL_CONVERSION = YES;
				CLANG_WARN_OBJC_IMPLICIT_RETAIN_SELF = YES;
				CLANG_WARN_OBJC_LITERAL_CONVERSION = YES;
				CLANG_WARN_OBJC_ROOT_CLASS = YES_ERROR;
				CLANG_WARN_RANGE_LOOP_ANALYSIS = YES;
				CLANG_WARN_STRICT_PROTOTYPES = YES;
				CLANG_WARN_SUSPICIOUS_MOVE = YES;
				CLANG_WARN_UNGUARDED_AVAILABILITY = YES_AGGRESSIVE;
				CLANG_WARN_UNREACHABLE_CODE = YES;
				CLANG_WARN__DUPLICATE_METHOD_MATCH = YES;
				COPY_PHASE_STRIP = NO;
				DEBUG_INFORMATION_FORMAT = "dwarf-with-dsym";
				ENABLE_NS_ASSERTIONS = NO;
				ENABLE_STRICT_OBJC_MSGSEND = YES;
				GCC_C_LANGUAGE_STANDARD = gnu11;
				GCC_NO_COMMON_BLOCKS = YES;
				GCC_WARN_64_TO_32_BIT_CONVERSION = YES;
				GCC_WARN_ABOUT_RETURN_TYPE = YES_ERROR;
				GCC_WARN_UNDECLARED_SELECTOR = YES;
				GCC_WARN_UNINITIALIZED_AUTOS = YES_AGGRESSIVE;
				GCC_WARN_UNUSED_FUNCTION = YES;
				GCC_WARN_UNUSED_VARIABLE = YES;
				IPHONEOS_DEPLOYMENT_TARGET = 13.0;
				MTL_ENABLE_DEBUG_INFO = NO;
				MTL_FAST_MATH = YES;
				SDKROOT = iphoneos;
				SWIFT_COMPILATION_MODE = wholemodule;
				SWIFT_OPTIMIZATION_LEVEL = "-O";
				VALIDATE_PRODUCT = YES;
			};
			name = Release;
		};
		6E00916C23725E6500FF234E /* Debug */ = {
			isa = XCBuildConfiguration;
			buildSettings = {
				ASSETCATALOG_COMPILER_APPICON_NAME = AppIcon;
				CODE_SIGN_IDENTITY = "Apple Development";
				CODE_SIGN_STYLE = Automatic;
				DEVELOPMENT_TEAM = 2LFFGTNB7R;
				INFOPLIST_FILE = ModeratorsExplorer/Resources/Info.plist;
				LD_RUNPATH_SEARCH_PATHS = (
					"$(inherited)",
					"@executable_path/Frameworks",
				);
				PRODUCT_BUNDLE_IDENTIFIER = com.teste.ModeratorsExplorer;
				PRODUCT_NAME = "$(TARGET_NAME)";
				PROVISIONING_PROFILE_SPECIFIER = "";
				SWIFT_VERSION = 5.0;
				TARGETED_DEVICE_FAMILY = 1;
			};
			name = Debug;
		};
		6E00916D23725E6500FF234E /* Release */ = {
			isa = XCBuildConfiguration;
			buildSettings = {
				ASSETCATALOG_COMPILER_APPICON_NAME = AppIcon;
				CODE_SIGN_IDENTITY = "Apple Development";
				CODE_SIGN_STYLE = Automatic;
				DEVELOPMENT_TEAM = 2LFFGTNB7R;
				INFOPLIST_FILE = ModeratorsExplorer/Resources/Info.plist;
				LD_RUNPATH_SEARCH_PATHS = (
					"$(inherited)",
					"@executable_path/Frameworks",
				);
				PRODUCT_BUNDLE_IDENTIFIER = com.teste.ModeratorsExplorer;
				PRODUCT_NAME = "$(TARGET_NAME)";
				PROVISIONING_PROFILE_SPECIFIER = "";
				SWIFT_VERSION = 5.0;
				TARGETED_DEVICE_FAMILY = 1;
			};
			name = Release;
		};
/* End XCBuildConfiguration section */

/* Begin XCConfigurationList section */
		6E00915223725E6200FF234E /* Build configuration list for PBXProject "ModeratorsExplorer" */ = {
			isa = XCConfigurationList;
			buildConfigurations = (
				6E00916923725E6500FF234E /* Debug */,
				6E00916A23725E6500FF234E /* Release */,
			);
			defaultConfigurationIsVisible = 0;
			defaultConfigurationName = Release;
		};
		6E00916B23725E6500FF234E /* Build configuration list for PBXNativeTarget "ModeratorsExplorer" */ = {
			isa = XCConfigurationList;
			buildConfigurations = (
				6E00916C23725E6500FF234E /* Debug */,
				6E00916D23725E6500FF234E /* Release */,
			);
			defaultConfigurationIsVisible = 0;
			defaultConfigurationName = Release;
		};
/* End XCConfigurationList section */
	};
	rootObject = 6E00914F23725E6200FF234E /* Project object */;
}
